{
  "name": "sma.modbus",
  "version": "1.0.4",
  "lockfileVersion": 1,
  "requires": true,
  "dependencies": {
    "crc": {
      "version": "3.4.0",
      "resolved": "https://registry.npmjs.org/crc/-/crc-3.4.0.tgz",
      "integrity": "sha1-QljjUWE6dO8RU9/LBeggw+lxXX8="
    },
    "debug": {
      "version": "3.1.0",
      "resolved": "https://registry.npmjs.org/debug/-/debug-3.1.0.tgz",
      "integrity": "sha512-OX8XqP7/1a9cqkxYw2yXss15f26NKWBpDXQd0/uK/KPqdQhxbPa994hnzjcE2VqQpDslf55723cKPUOGSmMY3g==",
      "requires": {
        "ms": "2.0.0"
      }
    },
    "jsmodbus": {
      "version": "3.1.0",
      "resolved": "https://registry.npmjs.org/jsmodbus/-/jsmodbus-3.1.0.tgz",
      "integrity": "sha512-XBkmNxtMSnvXyrScdakxKOJUVsO3JwZNNt32toRMmUDj14YRpquocb50mExxxi45ttuKNyC+ZUBX6ZJYrKbEOA==",
      "requires": {
        "crc": "3.4.0",
        "debug": "^3.1.0"
      }
    },
    "ms": {
      "version": "2.0.0",
      "resolved": "https://registry.npmjs.org/ms/-/ms-2.0.0.tgz",
      "integrity": "sha1-VgiurfwAvmwpAd9fmGF4jeDVl8g="
    }
  }
}
