{
  "name": "sma.modbus",
  "version": "1.1.1",
  "lockfileVersion": 3,
  "requires": true,
  "packages": {
    "": {
      "name": "sma.modbus",
      "version": "1.1.1",
      "license": "MIT",
      "dependencies": {
        "@sentry/node": "^7.120.3",
        "jsmodbus": "^4.0.10",
        "spacetime": "^7.13.0"
      }
    },
    "node_modules/@sentry-internal/tracing": {
      "version": "7.120.4",
      "resolved": "https://registry.npmjs.org/@sentry-internal/tracing/-/tracing-7.120.4.tgz",
      "integrity": "sha512-Fz5+4XCg3akeoFK+K7g+d7HqGMjmnLoY2eJlpONJmaeT9pXY7yfUyXKZMmMajdE2LxxKJgQ2YKvSCaGVamTjHw==",
      "license": "MIT",
      "dependencies": {
        "@sentry/core": "7.120.4",
        "@sentry/types": "7.120.4",
        "@sentry/utils": "7.120.4"
      },
      "engines": {
        "node": ">=8"
      }
    },
    "node_modules/@sentry/core": {
      "version": "7.120.4",
      "resolved": "https://registry.npmjs.org/@sentry/core/-/core-7.120.4.tgz",
      "integrity": "sha512-TXu3Q5kKiq8db9OXGkWyXUbIxMMuttB5vJ031yolOl5T/B69JRyAoKuojLBjRv1XX583gS1rSSoX8YXX7ATFGA==",
      "license": "MIT",
      "dependencies": {
        "@sentry/types": "7.120.4",
        "@sentry/utils": "7.120.4"
      },
      "engines": {
        "node": ">=8"
      }
    },
    "node_modules/@sentry/integrations": {
      "version": "7.120.4",
      "resolved": "https://registry.npmjs.org/@sentry/integrations/-/integrations-7.120.4.tgz",
      "integrity": "sha512-kkBTLk053XlhDCg7OkBQTIMF4puqFibeRO3E3YiVc4PGLnocXMaVpOSCkMqAc1k1kZ09UgGi8DxfQhnFEjUkpA==",
      "license": "MIT",
      "dependencies": {
        "@sentry/core": "7.120.4",
        "@sentry/types": "7.120.4",
        "@sentry/utils": "7.120.4",
        "localforage": "^1.8.1"
      },
      "engines": {
        "node": ">=8"
      }
    },
    "node_modules/@sentry/node": {
      "version": "7.120.4",
      "resolved": "https://registry.npmjs.org/@sentry/node/-/node-7.120.4.tgz",
      "integrity": "sha512-qq3wZAXXj2SRWhqErnGCSJKUhPSlZ+RGnCZjhfjHpP49KNpcd9YdPTIUsFMgeyjdh6Ew6aVCv23g1hTP0CHpYw==",
      "license": "MIT",
      "dependencies": {
        "@sentry-internal/tracing": "7.120.4",
        "@sentry/core": "7.120.4",
        "@sentry/integrations": "7.120.4",
        "@sentry/types": "7.120.4",
        "@sentry/utils": "7.120.4"
      },
      "engines": {
        "node": ">=8"
      }
    },
    "node_modules/@sentry/types": {
      "version": "7.120.4",
      "resolved": "https://registry.npmjs.org/@sentry/types/-/types-7.120.4.tgz",
      "integrity": "sha512-cUq2hSSe6/qrU6oZsEP4InMI5VVdD86aypE+ENrQ6eZEVLTCYm1w6XhW1NvIu3UuWh7gZec4a9J7AFpYxki88Q==",
      "license": "MIT",
      "engines": {
        "node": ">=8"
      }
    },
    "node_modules/@sentry/utils": {
      "version": "7.120.4",
      "resolved": "https://registry.npmjs.org/@sentry/utils/-/utils-7.120.4.tgz",
      "integrity": "sha512-zCKpyDIWKHwtervNK2ZlaK8mMV7gVUijAgFeJStH+CU/imcdquizV3pFLlSQYRswG+Lbyd6CT/LGRh3IbtkCFw==",
      "license": "MIT",
      "dependencies": {
        "@sentry/types": "7.120.4"
      },
      "engines": {
        "node": ">=8"
      }
    },
    "node_modules/crc": {
      "version": "3.4.0",
      "resolved": "https://registry.npmjs.org/crc/-/crc-3.4.0.tgz",
      "integrity": "sha512-ycVC2+4/DLgXXq7QweYi2znhqDuZz6P5TQXnkQo8v15XY/5p/IWeZwsSE31Ifo8w15b8TWLsqhXOjXyilHuQxw==",
      "license": "MIT"
    },
    "node_modules/debug": {
      "version": "3.2.7",
      "resolved": "https://registry.npmjs.org/debug/-/debug-3.2.7.tgz",
      "integrity": "sha512-CFjzYYAi4ThfiQvizrFQevTTXHtnCqWfe7x1AhgEscTz6ZbLbfoLRLPugTQyBth6f8ZERVUSyWHFD/7Wu4t1XQ==",
      "license": "MIT",
      "dependencies": {
        "ms": "^2.1.1"
      }
    },
    "node_modules/immediate": {
      "version": "3.0.6",
      "resolved": "https://registry.npmjs.org/immediate/-/immediate-3.0.6.tgz",
      "integrity": "sha512-XXOFtyqDjNDAQxVfYxuF7g9Il/IbWmmlQg2MYKOH8ExIT1qg6xc4zyS3HaEEATgs1btfzxq15ciUiY7gjSXRGQ==",
      "license": "MIT"
    },
    "node_modules/jsmodbus": {
      "version": "4.0.10",
      "resolved": "https://registry.npmjs.org/jsmodbus/-/jsmodbus-4.0.10.tgz",
      "integrity": "sha512-ea2VfDamQVI7RE8X9i9KU+cYoobSaemaXhaKik9FTAZJnkgslc4LoRupzepl3DywFVR3rxqjhcS2wk1BDsIe+Q==",
      "license": "MIT",
      "dependencies": {
        "crc": "3.4.0",
        "debug": "^3.1.0"
      },
      "bin": {
        "jsmodbus": "bin/jsmodbus.js"
      },
      "engines": {
        "node": ">=6.0.0"
      }
    },
    "node_modules/lie": {
      "version": "3.1.1",
      "resolved": "https://registry.npmjs.org/lie/-/lie-3.1.1.tgz",
      "integrity": "sha512-RiNhHysUjhrDQntfYSfY4MU24coXXdEOgw9WGcKHNeEwffDYbF//u87M1EWaMGzuFoSbqW0C9C6lEEhDOAswfw==",
      "license": "MIT",
      "dependencies": {
        "immediate": "~3.0.5"
      }
    },
    "node_modules/localforage": {
      "version": "1.10.0",
      "resolved": "https://registry.npmjs.org/localforage/-/localforage-1.10.0.tgz",
      "integrity": "sha512-14/H1aX7hzBBmmh7sGPd+AOMkkIrHM3Z1PAyGgZigA1H1p5O5ANnMyWzvpAETtG68/dC4pC0ncy3+PPGzXZHPg==",
      "license": "Apache-2.0",
      "dependencies": {
        "lie": "3.1.1"
      }
    },
    "node_modules/ms": {
      "version": "2.1.3",
      "resolved": "https://registry.npmjs.org/ms/-/ms-2.1.3.tgz",
      "integrity": "sha512-6FlzubTLZG3J2a/NVCAleEhjzq5oxgHyaCU9yYXvcLsvoVaHJq/s5xXI6/XXP6tz7R9xAOtHnSO/tXtF3WRTlA==",
      "license": "MIT"
    },
    "node_modules/spacetime": {
      "version": "7.13.0",
      "resolved": "https://registry.npmjs.org/spacetime/-/spacetime-7.13.0.tgz",
      "integrity": "sha512-QWF8VpjsRTDZ+/k6CntPjRoVpOMTc5tjEUJ5bNFrFp1aYpL6x1nKdpohuGtv8g7EfUnOIZgL4QD04py5CZTcAQ==",
      "license": "Apache-2.0"
    }
  }
}
